
Microsoft Visual Studio Solution File, Format Version 12.00
# Visual Studio 15
VisualStudioVersion = 15.0.28307.645
MinimumVisualStudioVersion = 10.0.40219.1
Project("{9A19103F-16F7-4668-BE54-9A1E7A4F7556}") = "AccountOwnerServer", "AccountOwnerServer\AccountOwnerServer.csproj", "{0A93EAE3-7A64-46F8-9C1D-DE8AD2864333}"
EndProject
Project("{FAE04EC0-301F-11D3-BF4B-00C04F79EFBC}") = "Contracts", "Contracts\Contracts.csproj", "{B5D173D1-7B0B-43FB-9CF2-22561FF2BD66}"
EndProject
Project("{FAE04EC0-301F-11D3-BF4B-00C04F79EFBC}") = "LoggerService", "LoggerService\LoggerService.csproj", "{71170E37-5B19-4493-8723-50F9DF4D8653}"
EndProject
Project("{FAE04EC0-301F-11D3-BF4B-00C04F79EFBC}") = "Entities", "Entities\Entities.csproj", "{A89F3A7C-3133-469E-A349-D8A4F4052291}"
EndProject
Project("{FAE04EC0-301F-11D3-BF4B-00C04F79EFBC}") = "Repository", "Repository\Repository.csproj", "{32D9C7AF-E89C-4940-BAC2-1F47DD262DAC}"
EndProject
Global
	GlobalSection(SolutionConfigurationPlatforms) = preSolution
		Debug|Any CPU = Debug|Any CPU
		Release|Any CPU = Release|Any CPU
	EndGlobalSection
	GlobalSection(ProjectConfigurationPlatforms) = postSolution
		{0A93EAE3-7A64-46F8-9C1D-DE8AD2864333}.Debug|Any CPU.ActiveCfg = Debug|Any CPU
		{0A93EAE3-7A64-46F8-9C1D-DE8AD2864333}.Debug|Any CPU.Build.0 = Debug|Any CPU
		{0A93EAE3-7A64-46F8-9C1D-DE8AD2864333}.Release|Any CPU.ActiveCfg = Release|Any CPU
		{0A93EAE3-7A64-46F8-9C1D-DE8AD2864333}.Release|Any CPU.Build.0 = Release|Any CPU
		{B5D173D1-7B0B-43FB-9CF2-22561FF2BD66}.Debug|Any CPU.ActiveCfg = Debug|Any CPU
		{B5D173D1-7B0B-43FB-9CF2-22561FF2BD66}.Debug|Any CPU.Build.0 = Debug|Any CPU
		{B5D173D1-7B0B-43FB-9CF2-22561FF2BD66}.Release|Any CPU.ActiveCfg = Release|Any CPU
		{B5D173D1-7B0B-43FB-9CF2-22561FF2BD66}.Release|Any CPU.Build.0 = Release|Any CPU
		{71170E37-5B19-4493-8723-50F9DF4D8653}.Debug|Any CPU.ActiveCfg = Debug|Any CPU
		{71170E37-5B19-4493-8723-50F9DF4D8653}.Debug|Any CPU.Build.0 = Debug|Any CPU
		{71170E37-5B19-4493-8723-50F9DF4D8653}.Release|Any CPU.ActiveCfg = Release|Any CPU
		{71170E37-5B19-4493-8723-50F9DF4D8653}.Release|Any CPU.Build.0 = Release|Any CPU
		{A89F3A7C-3133-469E-A349-D8A4F4052291}.Debug|Any CPU.ActiveCfg = Debug|Any CPU
		{A89F3A7C-3133-469E-A349-D8A4F4052291}.Debug|Any CPU.Build.0 = Debug|Any CPU
		{A89F3A7C-3133-469E-A349-D8A4F4052291}.Release|Any CPU.ActiveCfg = Release|Any CPU
		{A89F3A7C-3133-469E-A349-D8A4F4052291}.Release|Any CPU.Build.0 = Release|Any CPU
		{32D9C7AF-E89C-4940-BAC2-1F47DD262DAC}.Debug|Any CPU.ActiveCfg = Debug|Any CPU
		{32D9C7AF-E89C-4940-BAC2-1F47DD262DAC}.Debug|Any CPU.Build.0 = Debug|Any CPU
		{32D9C7AF-E89C-4940-BAC2-1F47DD262DAC}.Release|Any CPU.ActiveCfg = Release|Any CPU
		{32D9C7AF-E89C-4940-BAC2-1F47DD262DAC}.Release|Any CPU.Build.0 = Release|Any CPU
	EndGlobalSection
	GlobalSection(SolutionProperties) = preSolution
		HideSolutionNode = FALSE
	EndGlobalSection
	GlobalSection(ExtensibilityGlobals) = postSolution
		SolutionGuid = {5749CEB4-879A-47F0-9C19-D547DE505CB7}
	EndGlobalSection
EndGlobal
